
Microsoft Visual Studio Solution File, Format Version 12.00
# Visual Studio 2012
Project("{8BC9CEB8-8B4A-11D0-8D11-00A0C91BC942}") = "oddEvenSorting", "oddEvenSorting\oddEvenSorting.vcxproj", "{690A506F-E37F-46B1-BD03-8A63806B9013}"
EndProject
Global
	GlobalSection(SolutionConfigurationPlatforms) = preSolution
		Debug|Win32 = Debug|Win32
		Release|Win32 = Release|Win32
	EndGlobalSection
	GlobalSection(ProjectConfigurationPlatforms) = postSolution
		{690A506F-E37F-46B1-BD03-8A63806B9013}.Debug|Win32.ActiveCfg = Debug|Win32
		{690A506F-E37F-46B1-BD03-8A63806B9013}.Debug|Win32.Build.0 = Debug|Win32
		{690A506F-E37F-46B1-BD03-8A63806B9013}.Release|Win32.ActiveCfg = Release|Win32
		{690A506F-E37F-46B1-BD03-8A63806B9013}.Release|Win32.Build.0 = Release|Win32
	EndGlobalSection
	GlobalSection(SolutionProperties) = preSolution
		HideSolutionNode = FALSE
	EndGlobalSection
EndGlobal
