
Microsoft Visual Studio Solution File, Format Version 12.00
# Visual Studio 2012
Project("{8BC9CEB8-8B4A-11D0-8D11-00A0C91BC942}") = "findKthLargest", "findKthLargest\findKthLargest.vcxproj", "{453EAF44-0650-46DD-BDBA-4AB413807436}"
EndProject
Global
	GlobalSection(SolutionConfigurationPlatforms) = preSolution
		Debug|Win32 = Debug|Win32
		Release|Win32 = Release|Win32
	EndGlobalSection
	GlobalSection(ProjectConfigurationPlatforms) = postSolution
		{453EAF44-0650-46DD-BDBA-4AB413807436}.Debug|Win32.ActiveCfg = Debug|Win32
		{453EAF44-0650-46DD-BDBA-4AB413807436}.Debug|Win32.Build.0 = Debug|Win32
		{453EAF44-0650-46DD-BDBA-4AB413807436}.Release|Win32.ActiveCfg = Release|Win32
		{453EAF44-0650-46DD-BDBA-4AB413807436}.Release|Win32.Build.0 = Release|Win32
	EndGlobalSection
	GlobalSection(SolutionProperties) = preSolution
		HideSolutionNode = FALSE
	EndGlobalSection
EndGlobal
