
Microsoft Visual Studio Solution File, Format Version 12.00
# Visual Studio 2012
Project("{8BC9CEB8-8B4A-11D0-8D11-00A0C91BC942}") = "divide_3_5_7", "divide_3_5_7\divide_3_5_7.vcxproj", "{92E29FD5-FCF6-4358-881E-824BD77CA87A}"
EndProject
Global
	GlobalSection(SolutionConfigurationPlatforms) = preSolution
		Debug|Win32 = Debug|Win32
		Release|Win32 = Release|Win32
	EndGlobalSection
	GlobalSection(ProjectConfigurationPlatforms) = postSolution
		{92E29FD5-FCF6-4358-881E-824BD77CA87A}.Debug|Win32.ActiveCfg = Debug|Win32
		{92E29FD5-FCF6-4358-881E-824BD77CA87A}.Debug|Win32.Build.0 = Debug|Win32
		{92E29FD5-FCF6-4358-881E-824BD77CA87A}.Release|Win32.ActiveCfg = Release|Win32
		{92E29FD5-FCF6-4358-881E-824BD77CA87A}.Release|Win32.Build.0 = Release|Win32
	EndGlobalSection
	GlobalSection(SolutionProperties) = preSolution
		HideSolutionNode = FALSE
	EndGlobalSection
EndGlobal
